
Microsoft Visual Studio Solution File, Format Version 12.00
# Visual Studio Version 17
VisualStudioVersion = 17.12.35707.178
MinimumVisualStudioVersion = 10.0.40219.1
Project("{FAE04EC0-301F-11D3-BF4B-00C04F79EFBC}") = "PAW.Mvc", "PAW.Mvc\PAW.Mvc.csproj", "{5F3F4759-27E8-4148-B098-EFFB1D236BD2}"
EndProject
Project("{FAE04EC0-301F-11D3-BF4B-00C04F79EFBC}") = "PAW.API", "PAW.API\PAW.API.csproj", "{7830E716-356A-4F3E-AC70-B96819D5AC28}"
EndProject
Project("{FAE04EC0-301F-11D3-BF4B-00C04F79EFBC}") = "PAW.Data", "PAW.Data\PAW.Data.csproj", "{E1FF4C63-4B3A-48E9-B538-7E7D61BFAA84}"
EndProject
Project("{FAE04EC0-301F-11D3-BF4B-00C04F79EFBC}") = "PAW.Business", "PAW.Business\PAW.Business.csproj", "{EB48C008-DFB9-4429-8E57-F1D647C8763B}"
EndProject
Project("{FAE04EC0-301F-11D3-BF4B-00C04F79EFBC}") = "PAW.Models", "PAW.Models\PAW.Models.csproj", "{E08032D9-A39D-45EE-B0DC-56BFC3B6D10D}"
EndProject
Project("{FAE04EC0-301F-11D3-BF4B-00C04F79EFBC}") = "PAW.Repositories", "PAW.Repositories\PAW.Repositories.csproj", "{3A68ECC0-3835-4A1E-9A52-B7311646E186}"
EndProject
Project("{FAE04EC0-301F-11D3-BF4B-00C04F79EFBC}") = "PAW.Services", "PAW.Services\PAW.Services.csproj", "{C1C3C894-E9DC-4D9D-9829-F3045FFB206C}"
EndProject
Project("{FAE04EC0-301F-11D3-BF4B-00C04F79EFBC}") = "PAW.Architecture", "PAW.Architecture\PAW.Architecture.csproj", "{5842ECAB-28BE-4BA0-85CC-CDA26E05A32B}"
EndProject
Project("{FAE04EC0-301F-11D3-BF4B-00C04F79EFBC}") = "PAW.Core", "PAW.Core\PAW.Core.csproj", "{BD54A689-73B9-4742-AF1E-2A071CBA2DAF}"
EndProject
Project("{FAE04EC0-301F-11D3-BF4B-00C04F79EFBC}") = "PAW.MinimalApi", "PAW.MinimalApi\PAW.MinimalApi.csproj", "{CCE488DC-85A5-43DB-B005-7A1EBD218632}"
EndProject
Global
	GlobalSection(SolutionConfigurationPlatforms) = preSolution
		Debug|Any CPU = Debug|Any CPU
		Release|Any CPU = Release|Any CPU
	EndGlobalSection
	GlobalSection(ProjectConfigurationPlatforms) = postSolution
		{5F3F4759-27E8-4148-B098-EFFB1D236BD2}.Debug|Any CPU.ActiveCfg = Debug|Any CPU
		{5F3F4759-27E8-4148-B098-EFFB1D236BD2}.Debug|Any CPU.Build.0 = Debug|Any CPU
		{5F3F4759-27E8-4148-B098-EFFB1D236BD2}.Release|Any CPU.ActiveCfg = Release|Any CPU
		{5F3F4759-27E8-4148-B098-EFFB1D236BD2}.Release|Any CPU.Build.0 = Release|Any CPU
		{7830E716-356A-4F3E-AC70-B96819D5AC28}.Debug|Any CPU.ActiveCfg = Debug|Any CPU
		{7830E716-356A-4F3E-AC70-B96819D5AC28}.Debug|Any CPU.Build.0 = Debug|Any CPU
		{7830E716-356A-4F3E-AC70-B96819D5AC28}.Release|Any CPU.ActiveCfg = Release|Any CPU
		{7830E716-356A-4F3E-AC70-B96819D5AC28}.Release|Any CPU.Build.0 = Release|Any CPU
		{E1FF4C63-4B3A-48E9-B538-7E7D61BFAA84}.Debug|Any CPU.ActiveCfg = Debug|Any CPU
		{E1FF4C63-4B3A-48E9-B538-7E7D61BFAA84}.Debug|Any CPU.Build.0 = Debug|Any CPU
		{E1FF4C63-4B3A-48E9-B538-7E7D61BFAA84}.Release|Any CPU.ActiveCfg = Release|Any CPU
		{E1FF4C63-4B3A-48E9-B538-7E7D61BFAA84}.Release|Any CPU.Build.0 = Release|Any CPU
		{EB48C008-DFB9-4429-8E57-F1D647C8763B}.Debug|Any CPU.ActiveCfg = Debug|Any CPU
		{EB48C008-DFB9-4429-8E57-F1D647C8763B}.Debug|Any CPU.Build.0 = Debug|Any CPU
		{EB48C008-DFB9-4429-8E57-F1D647C8763B}.Release|Any CPU.ActiveCfg = Release|Any CPU
		{EB48C008-DFB9-4429-8E57-F1D647C8763B}.Release|Any CPU.Build.0 = Release|Any CPU
		{E08032D9-A39D-45EE-B0DC-56BFC3B6D10D}.Debug|Any CPU.ActiveCfg = Debug|Any CPU
		{E08032D9-A39D-45EE-B0DC-56BFC3B6D10D}.Debug|Any CPU.Build.0 = Debug|Any CPU
		{E08032D9-A39D-45EE-B0DC-56BFC3B6D10D}.Release|Any CPU.ActiveCfg = Release|Any CPU
		{E08032D9-A39D-45EE-B0DC-56BFC3B6D10D}.Release|Any CPU.Build.0 = Release|Any CPU
		{3A68ECC0-3835-4A1E-9A52-B7311646E186}.Debug|Any CPU.ActiveCfg = Debug|Any CPU
		{3A68ECC0-3835-4A1E-9A52-B7311646E186}.Debug|Any CPU.Build.0 = Debug|Any CPU
		{3A68ECC0-3835-4A1E-9A52-B7311646E186}.Release|Any CPU.ActiveCfg = Release|Any CPU
		{3A68ECC0-3835-4A1E-9A52-B7311646E186}.Release|Any CPU.Build.0 = Release|Any CPU
		{C1C3C894-E9DC-4D9D-9829-F3045FFB206C}.Debug|Any CPU.ActiveCfg = Debug|Any CPU
		{C1C3C894-E9DC-4D9D-9829-F3045FFB206C}.Debug|Any CPU.Build.0 = Debug|Any CPU
		{C1C3C894-E9DC-4D9D-9829-F3045FFB206C}.Release|Any CPU.ActiveCfg = Release|Any CPU
		{C1C3C894-E9DC-4D9D-9829-F3045FFB206C}.Release|Any CPU.Build.0 = Release|Any CPU
		{5842ECAB-28BE-4BA0-85CC-CDA26E05A32B}.Debug|Any CPU.ActiveCfg = Debug|Any CPU
		{5842ECAB-28BE-4BA0-85CC-CDA26E05A32B}.Debug|Any CPU.Build.0 = Debug|Any CPU
		{5842ECAB-28BE-4BA0-85CC-CDA26E05A32B}.Release|Any CPU.ActiveCfg = Release|Any CPU
		{5842ECAB-28BE-4BA0-85CC-CDA26E05A32B}.Release|Any CPU.Build.0 = Release|Any CPU
		{BD54A689-73B9-4742-AF1E-2A071CBA2DAF}.Debug|Any CPU.ActiveCfg = Debug|Any CPU
		{BD54A689-73B9-4742-AF1E-2A071CBA2DAF}.Debug|Any CPU.Build.0 = Debug|Any CPU
		{BD54A689-73B9-4742-AF1E-2A071CBA2DAF}.Release|Any CPU.ActiveCfg = Release|Any CPU
		{BD54A689-73B9-4742-AF1E-2A071CBA2DAF}.Release|Any CPU.Build.0 = Release|Any CPU
		{CCE488DC-85A5-43DB-B005-7A1EBD218632}.Debug|Any CPU.ActiveCfg = Debug|Any CPU
		{CCE488DC-85A5-43DB-B005-7A1EBD218632}.Debug|Any CPU.Build.0 = Debug|Any CPU
		{CCE488DC-85A5-43DB-B005-7A1EBD218632}.Release|Any CPU.ActiveCfg = Release|Any CPU
		{CCE488DC-85A5-43DB-B005-7A1EBD218632}.Release|Any CPU.Build.0 = Release|Any CPU
	EndGlobalSection
	GlobalSection(SolutionProperties) = preSolution
		HideSolutionNode = FALSE
	EndGlobalSection
EndGlobal
